
Microsoft Visual Studio Solution File, Format Version 12.00
# Visual Studio 2013
VisualStudioVersion = 12.0.31101.0
MinimumVisualStudioVersion = 10.0.40219.1
Project("{2150E333-8FDC-42A3-9474-1A3956D46DE8}") = "DataAccess", "DataAccess", "{B035426D-7283-47BC-A949-C73B40E6DAC4}"
EndProject
Project("{2150E333-8FDC-42A3-9474-1A3956D46DE8}") = "Adapters", "Adapters", "{1639815A-CCE2-4B47-9AD5-F918766F9478}"
EndProject
Project("{FAE04EC0-301F-11D3-BF4B-00C04F79EFBC}") = "DofD.UofW.DataAccess.Common", "DataAccess\DofD.UofW.DataAccess.Common\DofD.UofW.DataAccess.Common.csproj", "{ECA8B1AA-EBE5-4828-A3DE-42F02A520C55}"
EndProject
Project("{FAE04EC0-301F-11D3-BF4B-00C04F79EFBC}") = "DofD.UofW.DataAccess.Adapters.EF", "DataAccess\Adapters\DofD.UofW.DataAccess.Adapters.EF\DofD.UofW.DataAccess.Adapters.EF.csproj", "{FCFDC13C-F7DD-4406-BBBD-0B30F5BF6FFA}"
EndProject
Project("{2150E333-8FDC-42A3-9474-1A3956D46DE8}") = "Tests", "Tests", "{9C5919C9-ABB2-4D3C-A32C-BF050CEDA512}"
EndProject
Project("{FAE04EC0-301F-11D3-BF4B-00C04F79EFBC}") = "DofD.UofW.DataAccess.Adapters.EF.Test", "Tests\DofD.UofW.DataAccess.Adapters.EF.Test\DofD.UofW.DataAccess.Adapters.EF.Test.csproj", "{ABB89CB5-B212-4497-B7D3-B7538ED54988}"
EndProject
Project("{2150E333-8FDC-42A3-9474-1A3956D46DE8}") = "Entities", "Entities", "{59DA063D-D57D-41F2-B821-DFDB141BD558}"
EndProject
Project("{FAE04EC0-301F-11D3-BF4B-00C04F79EFBC}") = "DofD.UofW.Entities", "Entities\DofD.UofW.Entities\DofD.UofW.Entities.csproj", "{6DA8B582-7EA0-41F6-9D13-BA93D0944763}"
EndProject
Project("{FAE04EC0-301F-11D3-BF4B-00C04F79EFBC}") = "DofD.UofW.Entities.Map.Ef", "Entities\DofD.UofW.Entities.Map.Ef\DofD.UofW.Entities.Map.Ef.csproj", "{638E0912-64E8-496C-A634-6A7D497E227F}"
EndProject
Project("{FAE04EC0-301F-11D3-BF4B-00C04F79EFBC}") = "DofD.UofW.DataAccess.Adapters.NH", "DataAccess\Adapters\DofD.UofW.DataAccess.Adapters.NH\DofD.UofW.DataAccess.Adapters.NH.csproj", "{FC13304A-6D45-49EF-A9A4-D385524D86BB}"
EndProject
Project("{FAE04EC0-301F-11D3-BF4B-00C04F79EFBC}") = "DofD.UofW.DataAccess.Adapters.NH.Test", "Tests\DofD.UofW.DataAccess.Adapters.NH.Test\DofD.UofW.DataAccess.Adapters.NH.Test.csproj", "{62D699EA-7315-4DAA-8868-8C2F602460CF}"
EndProject
Project("{FAE04EC0-301F-11D3-BF4B-00C04F79EFBC}") = "DofD.UofW.Entities.Map.Nh", "Entities\DofD.UofW.Entities.Map.Nh\DofD.UofW.Entities.Map.Nh.csproj", "{77A48DD9-ABFA-4472-A1D4-ADC88C4BBF6A}"
EndProject
Global
	GlobalSection(SolutionConfigurationPlatforms) = preSolution
		Debug|Any CPU = Debug|Any CPU
		Debug|ARM = Debug|ARM
		Debug|x64 = Debug|x64
		Debug|x86 = Debug|x86
		Release|Any CPU = Release|Any CPU
		Release|ARM = Release|ARM
		Release|x64 = Release|x64
		Release|x86 = Release|x86
	EndGlobalSection
	GlobalSection(ProjectConfigurationPlatforms) = postSolution
		{ECA8B1AA-EBE5-4828-A3DE-42F02A520C55}.Debug|Any CPU.ActiveCfg = Debug|Any CPU
		{ECA8B1AA-EBE5-4828-A3DE-42F02A520C55}.Debug|Any CPU.Build.0 = Debug|Any CPU
		{ECA8B1AA-EBE5-4828-A3DE-42F02A520C55}.Debug|ARM.ActiveCfg = Debug|Any CPU
		{ECA8B1AA-EBE5-4828-A3DE-42F02A520C55}.Debug|x64.ActiveCfg = Debug|Any CPU
		{ECA8B1AA-EBE5-4828-A3DE-42F02A520C55}.Debug|x86.ActiveCfg = Debug|Any CPU
		{ECA8B1AA-EBE5-4828-A3DE-42F02A520C55}.Release|Any CPU.ActiveCfg = Release|Any CPU
		{ECA8B1AA-EBE5-4828-A3DE-42F02A520C55}.Release|Any CPU.Build.0 = Release|Any CPU
		{ECA8B1AA-EBE5-4828-A3DE-42F02A520C55}.Release|ARM.ActiveCfg = Release|Any CPU
		{ECA8B1AA-EBE5-4828-A3DE-42F02A520C55}.Release|x64.ActiveCfg = Release|Any CPU
		{ECA8B1AA-EBE5-4828-A3DE-42F02A520C55}.Release|x86.ActiveCfg = Release|Any CPU
		{FCFDC13C-F7DD-4406-BBBD-0B30F5BF6FFA}.Debug|Any CPU.ActiveCfg = Debug|Any CPU
		{FCFDC13C-F7DD-4406-BBBD-0B30F5BF6FFA}.Debug|Any CPU.Build.0 = Debug|Any CPU
		{FCFDC13C-F7DD-4406-BBBD-0B30F5BF6FFA}.Debug|ARM.ActiveCfg = Debug|Any CPU
		{FCFDC13C-F7DD-4406-BBBD-0B30F5BF6FFA}.Debug|x64.ActiveCfg = Debug|Any CPU
		{FCFDC13C-F7DD-4406-BBBD-0B30F5BF6FFA}.Debug|x86.ActiveCfg = Debug|Any CPU
		{FCFDC13C-F7DD-4406-BBBD-0B30F5BF6FFA}.Release|Any CPU.ActiveCfg = Release|Any CPU
		{FCFDC13C-F7DD-4406-BBBD-0B30F5BF6FFA}.Release|Any CPU.Build.0 = Release|Any CPU
		{FCFDC13C-F7DD-4406-BBBD-0B30F5BF6FFA}.Release|ARM.ActiveCfg = Release|Any CPU
		{FCFDC13C-F7DD-4406-BBBD-0B30F5BF6FFA}.Release|x64.ActiveCfg = Release|Any CPU
		{FCFDC13C-F7DD-4406-BBBD-0B30F5BF6FFA}.Release|x86.ActiveCfg = Release|Any CPU
		{ABB89CB5-B212-4497-B7D3-B7538ED54988}.Debug|Any CPU.ActiveCfg = Debug|Any CPU
		{ABB89CB5-B212-4497-B7D3-B7538ED54988}.Debug|Any CPU.Build.0 = Debug|Any CPU
		{ABB89CB5-B212-4497-B7D3-B7538ED54988}.Debug|ARM.ActiveCfg = Debug|Any CPU
		{ABB89CB5-B212-4497-B7D3-B7538ED54988}.Debug|x64.ActiveCfg = Debug|Any CPU
		{ABB89CB5-B212-4497-B7D3-B7538ED54988}.Debug|x86.ActiveCfg = Debug|Any CPU
		{ABB89CB5-B212-4497-B7D3-B7538ED54988}.Release|Any CPU.ActiveCfg = Release|Any CPU
		{ABB89CB5-B212-4497-B7D3-B7538ED54988}.Release|Any CPU.Build.0 = Release|Any CPU
		{ABB89CB5-B212-4497-B7D3-B7538ED54988}.Release|ARM.ActiveCfg = Release|Any CPU
		{ABB89CB5-B212-4497-B7D3-B7538ED54988}.Release|x64.ActiveCfg = Release|Any CPU
		{ABB89CB5-B212-4497-B7D3-B7538ED54988}.Release|x86.ActiveCfg = Release|Any CPU
		{6DA8B582-7EA0-41F6-9D13-BA93D0944763}.Debug|Any CPU.ActiveCfg = Debug|Any CPU
		{6DA8B582-7EA0-41F6-9D13-BA93D0944763}.Debug|Any CPU.Build.0 = Debug|Any CPU
		{6DA8B582-7EA0-41F6-9D13-BA93D0944763}.Debug|ARM.ActiveCfg = Debug|Any CPU
		{6DA8B582-7EA0-41F6-9D13-BA93D0944763}.Debug|x64.ActiveCfg = Debug|Any CPU
		{6DA8B582-7EA0-41F6-9D13-BA93D0944763}.Debug|x86.ActiveCfg = Debug|Any CPU
		{6DA8B582-7EA0-41F6-9D13-BA93D0944763}.Release|Any CPU.ActiveCfg = Release|Any CPU
		{6DA8B582-7EA0-41F6-9D13-BA93D0944763}.Release|Any CPU.Build.0 = Release|Any CPU
		{6DA8B582-7EA0-41F6-9D13-BA93D0944763}.Release|ARM.ActiveCfg = Release|Any CPU
		{6DA8B582-7EA0-41F6-9D13-BA93D0944763}.Release|x64.ActiveCfg = Release|Any CPU
		{6DA8B582-7EA0-41F6-9D13-BA93D0944763}.Release|x86.ActiveCfg = Release|Any CPU
		{638E0912-64E8-496C-A634-6A7D497E227F}.Debug|Any CPU.ActiveCfg = Debug|Any CPU
		{638E0912-64E8-496C-A634-6A7D497E227F}.Debug|Any CPU.Build.0 = Debug|Any CPU
		{638E0912-64E8-496C-A634-6A7D497E227F}.Debug|ARM.ActiveCfg = Debug|Any CPU
		{638E0912-64E8-496C-A634-6A7D497E227F}.Debug|x64.ActiveCfg = Debug|Any CPU
		{638E0912-64E8-496C-A634-6A7D497E227F}.Debug|x86.ActiveCfg = Debug|Any CPU
		{638E0912-64E8-496C-A634-6A7D497E227F}.Release|Any CPU.ActiveCfg = Release|Any CPU
		{638E0912-64E8-496C-A634-6A7D497E227F}.Release|Any CPU.Build.0 = Release|Any CPU
		{638E0912-64E8-496C-A634-6A7D497E227F}.Release|ARM.ActiveCfg = Release|Any CPU
		{638E0912-64E8-496C-A634-6A7D497E227F}.Release|x64.ActiveCfg = Release|Any CPU
		{638E0912-64E8-496C-A634-6A7D497E227F}.Release|x86.ActiveCfg = Release|Any CPU
		{FC13304A-6D45-49EF-A9A4-D385524D86BB}.Debug|Any CPU.ActiveCfg = Debug|Any CPU
		{FC13304A-6D45-49EF-A9A4-D385524D86BB}.Debug|Any CPU.Build.0 = Debug|Any CPU
		{FC13304A-6D45-49EF-A9A4-D385524D86BB}.Debug|ARM.ActiveCfg = Debug|Any CPU
		{FC13304A-6D45-49EF-A9A4-D385524D86BB}.Debug|x64.ActiveCfg = Debug|Any CPU
		{FC13304A-6D45-49EF-A9A4-D385524D86BB}.Debug|x86.ActiveCfg = Debug|Any CPU
		{FC13304A-6D45-49EF-A9A4-D385524D86BB}.Release|Any CPU.ActiveCfg = Release|Any CPU
		{FC13304A-6D45-49EF-A9A4-D385524D86BB}.Release|Any CPU.Build.0 = Release|Any CPU
		{FC13304A-6D45-49EF-A9A4-D385524D86BB}.Release|ARM.ActiveCfg = Release|Any CPU
		{FC13304A-6D45-49EF-A9A4-D385524D86BB}.Release|x64.ActiveCfg = Release|Any CPU
		{FC13304A-6D45-49EF-A9A4-D385524D86BB}.Release|x86.ActiveCfg = Release|Any CPU
		{62D699EA-7315-4DAA-8868-8C2F602460CF}.Debug|Any CPU.ActiveCfg = Debug|Any CPU
		{62D699EA-7315-4DAA-8868-8C2F602460CF}.Debug|Any CPU.Build.0 = Debug|Any CPU
		{62D699EA-7315-4DAA-8868-8C2F602460CF}.Debug|ARM.ActiveCfg = Debug|Any CPU
		{62D699EA-7315-4DAA-8868-8C2F602460CF}.Debug|x64.ActiveCfg = Debug|Any CPU
		{62D699EA-7315-4DAA-8868-8C2F602460CF}.Debug|x86.ActiveCfg = Debug|Any CPU
		{62D699EA-7315-4DAA-8868-8C2F602460CF}.Release|Any CPU.ActiveCfg = Release|Any CPU
		{62D699EA-7315-4DAA-8868-8C2F602460CF}.Release|Any CPU.Build.0 = Release|Any CPU
		{62D699EA-7315-4DAA-8868-8C2F602460CF}.Release|ARM.ActiveCfg = Release|Any CPU
		{62D699EA-7315-4DAA-8868-8C2F602460CF}.Release|x64.ActiveCfg = Release|Any CPU
		{62D699EA-7315-4DAA-8868-8C2F602460CF}.Release|x86.ActiveCfg = Release|Any CPU
		{77A48DD9-ABFA-4472-A1D4-ADC88C4BBF6A}.Debug|Any CPU.ActiveCfg = Debug|Any CPU
		{77A48DD9-ABFA-4472-A1D4-ADC88C4BBF6A}.Debug|Any CPU.Build.0 = Debug|Any CPU
		{77A48DD9-ABFA-4472-A1D4-ADC88C4BBF6A}.Debug|ARM.ActiveCfg = Debug|Any CPU
		{77A48DD9-ABFA-4472-A1D4-ADC88C4BBF6A}.Debug|x64.ActiveCfg = Debug|Any CPU
		{77A48DD9-ABFA-4472-A1D4-ADC88C4BBF6A}.Debug|x86.ActiveCfg = Debug|Any CPU
		{77A48DD9-ABFA-4472-A1D4-ADC88C4BBF6A}.Release|Any CPU.ActiveCfg = Release|Any CPU
		{77A48DD9-ABFA-4472-A1D4-ADC88C4BBF6A}.Release|Any CPU.Build.0 = Release|Any CPU
		{77A48DD9-ABFA-4472-A1D4-ADC88C4BBF6A}.Release|ARM.ActiveCfg = Release|Any CPU
		{77A48DD9-ABFA-4472-A1D4-ADC88C4BBF6A}.Release|x64.ActiveCfg = Release|Any CPU
		{77A48DD9-ABFA-4472-A1D4-ADC88C4BBF6A}.Release|x86.ActiveCfg = Release|Any CPU
	EndGlobalSection
	GlobalSection(SolutionProperties) = preSolution
		HideSolutionNode = FALSE
	EndGlobalSection
	GlobalSection(NestedProjects) = preSolution
		{1639815A-CCE2-4B47-9AD5-F918766F9478} = {B035426D-7283-47BC-A949-C73B40E6DAC4}
		{ECA8B1AA-EBE5-4828-A3DE-42F02A520C55} = {B035426D-7283-47BC-A949-C73B40E6DAC4}
		{FCFDC13C-F7DD-4406-BBBD-0B30F5BF6FFA} = {1639815A-CCE2-4B47-9AD5-F918766F9478}
		{ABB89CB5-B212-4497-B7D3-B7538ED54988} = {9C5919C9-ABB2-4D3C-A32C-BF050CEDA512}
		{6DA8B582-7EA0-41F6-9D13-BA93D0944763} = {59DA063D-D57D-41F2-B821-DFDB141BD558}
		{638E0912-64E8-496C-A634-6A7D497E227F} = {59DA063D-D57D-41F2-B821-DFDB141BD558}
		{FC13304A-6D45-49EF-A9A4-D385524D86BB} = {1639815A-CCE2-4B47-9AD5-F918766F9478}
		{62D699EA-7315-4DAA-8868-8C2F602460CF} = {9C5919C9-ABB2-4D3C-A32C-BF050CEDA512}
		{77A48DD9-ABFA-4472-A1D4-ADC88C4BBF6A} = {59DA063D-D57D-41F2-B821-DFDB141BD558}
	EndGlobalSection
EndGlobal
