
Microsoft Visual Studio Solution File, Format Version 12.00
# Visual Studio 2013
VisualStudioVersion = 12.0.31101.0
MinimumVisualStudioVersion = 10.0.40219.1
Project("{2150E333-8FDC-42A3-9474-1A3956D46DE8}") = "DataAccess", "DataAccess", "{B035426D-7283-47BC-A949-C73B40E6DAC4}"
EndProject
Project("{2150E333-8FDC-42A3-9474-1A3956D46DE8}") = "Adapters", "Adapters", "{1639815A-CCE2-4B47-9AD5-F918766F9478}"
EndProject
Project("{FAE04EC0-301F-11D3-BF4B-00C04F79EFBC}") = "DofD.UofW.DataAccess.Common", "DataAccess\DofD.UofW.DataAccess.Common\DofD.UofW.DataAccess.Common.csproj", "{ECA8B1AA-EBE5-4828-A3DE-42F02A520C55}"
EndProject
Project("{FAE04EC0-301F-11D3-BF4B-00C04F79EFBC}") = "DofD.UofW.DataAccess.Adapters.EF", "DataAccess\Adapters\DofD.UofW.DataAccess.Adapters.EF\DofD.UofW.DataAccess.Adapters.EF.csproj", "{FCFDC13C-F7DD-4406-BBBD-0B30F5BF6FFA}"
EndProject
Global
	GlobalSection(SolutionConfigurationPlatforms) = preSolution
		Debug|Any CPU = Debug|Any CPU
		Debug|ARM = Debug|ARM
		Debug|x64 = Debug|x64
		Debug|x86 = Debug|x86
		Release|Any CPU = Release|Any CPU
		Release|ARM = Release|ARM
		Release|x64 = Release|x64
		Release|x86 = Release|x86
	EndGlobalSection
	GlobalSection(ProjectConfigurationPlatforms) = postSolution
		{ECA8B1AA-EBE5-4828-A3DE-42F02A520C55}.Debug|Any CPU.ActiveCfg = Debug|Any CPU
		{ECA8B1AA-EBE5-4828-A3DE-42F02A520C55}.Debug|Any CPU.Build.0 = Debug|Any CPU
		{ECA8B1AA-EBE5-4828-A3DE-42F02A520C55}.Debug|ARM.ActiveCfg = Debug|Any CPU
		{ECA8B1AA-EBE5-4828-A3DE-42F02A520C55}.Debug|x64.ActiveCfg = Debug|Any CPU
		{ECA8B1AA-EBE5-4828-A3DE-42F02A520C55}.Debug|x86.ActiveCfg = Debug|Any CPU
		{ECA8B1AA-EBE5-4828-A3DE-42F02A520C55}.Release|Any CPU.ActiveCfg = Release|Any CPU
		{ECA8B1AA-EBE5-4828-A3DE-42F02A520C55}.Release|Any CPU.Build.0 = Release|Any CPU
		{ECA8B1AA-EBE5-4828-A3DE-42F02A520C55}.Release|ARM.ActiveCfg = Release|Any CPU
		{ECA8B1AA-EBE5-4828-A3DE-42F02A520C55}.Release|x64.ActiveCfg = Release|Any CPU
		{ECA8B1AA-EBE5-4828-A3DE-42F02A520C55}.Release|x86.ActiveCfg = Release|Any CPU
		{FCFDC13C-F7DD-4406-BBBD-0B30F5BF6FFA}.Debug|Any CPU.ActiveCfg = Debug|Any CPU
		{FCFDC13C-F7DD-4406-BBBD-0B30F5BF6FFA}.Debug|Any CPU.Build.0 = Debug|Any CPU
		{FCFDC13C-F7DD-4406-BBBD-0B30F5BF6FFA}.Debug|ARM.ActiveCfg = Debug|Any CPU
		{FCFDC13C-F7DD-4406-BBBD-0B30F5BF6FFA}.Debug|x64.ActiveCfg = Debug|Any CPU
		{FCFDC13C-F7DD-4406-BBBD-0B30F5BF6FFA}.Debug|x86.ActiveCfg = Debug|Any CPU
		{FCFDC13C-F7DD-4406-BBBD-0B30F5BF6FFA}.Release|Any CPU.ActiveCfg = Release|Any CPU
		{FCFDC13C-F7DD-4406-BBBD-0B30F5BF6FFA}.Release|Any CPU.Build.0 = Release|Any CPU
		{FCFDC13C-F7DD-4406-BBBD-0B30F5BF6FFA}.Release|ARM.ActiveCfg = Release|Any CPU
		{FCFDC13C-F7DD-4406-BBBD-0B30F5BF6FFA}.Release|x64.ActiveCfg = Release|Any CPU
		{FCFDC13C-F7DD-4406-BBBD-0B30F5BF6FFA}.Release|x86.ActiveCfg = Release|Any CPU
	EndGlobalSection
	GlobalSection(SolutionProperties) = preSolution
		HideSolutionNode = FALSE
	EndGlobalSection
	GlobalSection(NestedProjects) = preSolution
		{1639815A-CCE2-4B47-9AD5-F918766F9478} = {B035426D-7283-47BC-A949-C73B40E6DAC4}
		{ECA8B1AA-EBE5-4828-A3DE-42F02A520C55} = {B035426D-7283-47BC-A949-C73B40E6DAC4}
		{FCFDC13C-F7DD-4406-BBBD-0B30F5BF6FFA} = {1639815A-CCE2-4B47-9AD5-F918766F9478}
	EndGlobalSection
EndGlobal
